
Microsoft Visual Studio Solution File, Format Version 12.00
# Visual Studio 15
VisualStudioVersion = 15.0.28010.2048
MinimumVisualStudioVersion = 10.0.40219.1
Project("{9A19103F-16F7-4668-BE54-9A1E7A4F7556}") = "ConsoleUI", "ConsoleUI\ConsoleUI.csproj", "{76F9E3F1-D58D-405E-9F43-074E4B443495}"
EndProject
Project("{FAE04EC0-301F-11D3-BF4B-00C04F79EFBC}") = "ChatClassLibrary", "ChatClassLibrary\ChatClassLibrary.csproj", "{091DC6C2-C9FD-4C1A-A678-EC5B2EC20E21}"
EndProject
Project("{FAE04EC0-301F-11D3-BF4B-00C04F79EFBC}") = "UnitTestChatClassLibrary", "UnitTestClassLibrary\UnitTestChatClassLibrary.csproj", "{3E3A3FE0-11C0-43EB-8CDD-A8F2359E5716}"
EndProject
Global
	GlobalSection(SolutionConfigurationPlatforms) = preSolution
		Debug|Any CPU = Debug|Any CPU
		Release|Any CPU = Release|Any CPU
	EndGlobalSection
	GlobalSection(ProjectConfigurationPlatforms) = postSolution
		{76F9E3F1-D58D-405E-9F43-074E4B443495}.Debug|Any CPU.ActiveCfg = Debug|Any CPU
		{76F9E3F1-D58D-405E-9F43-074E4B443495}.Debug|Any CPU.Build.0 = Debug|Any CPU
		{76F9E3F1-D58D-405E-9F43-074E4B443495}.Release|Any CPU.ActiveCfg = Release|Any CPU
		{76F9E3F1-D58D-405E-9F43-074E4B443495}.Release|Any CPU.Build.0 = Release|Any CPU
		{091DC6C2-C9FD-4C1A-A678-EC5B2EC20E21}.Debug|Any CPU.ActiveCfg = Debug|Any CPU
		{091DC6C2-C9FD-4C1A-A678-EC5B2EC20E21}.Debug|Any CPU.Build.0 = Debug|Any CPU
		{091DC6C2-C9FD-4C1A-A678-EC5B2EC20E21}.Release|Any CPU.ActiveCfg = Release|Any CPU
		{091DC6C2-C9FD-4C1A-A678-EC5B2EC20E21}.Release|Any CPU.Build.0 = Release|Any CPU
		{3E3A3FE0-11C0-43EB-8CDD-A8F2359E5716}.Debug|Any CPU.ActiveCfg = Debug|Any CPU
		{3E3A3FE0-11C0-43EB-8CDD-A8F2359E5716}.Debug|Any CPU.Build.0 = Debug|Any CPU
		{3E3A3FE0-11C0-43EB-8CDD-A8F2359E5716}.Release|Any CPU.ActiveCfg = Release|Any CPU
		{3E3A3FE0-11C0-43EB-8CDD-A8F2359E5716}.Release|Any CPU.Build.0 = Release|Any CPU
	EndGlobalSection
	GlobalSection(SolutionProperties) = preSolution
		HideSolutionNode = FALSE
	EndGlobalSection
	GlobalSection(ExtensibilityGlobals) = postSolution
		SolutionGuid = {3EFA405D-9222-4EEF-94C8-46CEFA59EDAE}
	EndGlobalSection
EndGlobal
